
Microsoft Visual Studio Solution File, Format Version 12.00
# Visual Studio 15
VisualStudioVersion = 15.0.28307.2092
MinimumVisualStudioVersion = 10.0.40219.1
Project("{FAE04EC0-301F-11D3-BF4B-00C04F79EFBC}") = "LizCodigo2", "LizCodigo2\LizCodigo2.csproj", "{7A2218EE-D5D0-4AAF-B2F7-0A2EE57670B7}"
EndProject
Global
	GlobalSection(SolutionConfigurationPlatforms) = preSolution
		Debug|Any CPU = Debug|Any CPU
		Release|Any CPU = Release|Any CPU
	EndGlobalSection
	GlobalSection(ProjectConfigurationPlatforms) = postSolution
		{7A2218EE-D5D0-4AAF-B2F7-0A2EE57670B7}.Debug|Any CPU.ActiveCfg = Debug|Any CPU
		{7A2218EE-D5D0-4AAF-B2F7-0A2EE57670B7}.Debug|Any CPU.Build.0 = Debug|Any CPU
		{7A2218EE-D5D0-4AAF-B2F7-0A2EE57670B7}.Release|Any CPU.ActiveCfg = Release|Any CPU
		{7A2218EE-D5D0-4AAF-B2F7-0A2EE57670B7}.Release|Any CPU.Build.0 = Release|Any CPU
	EndGlobalSection
	GlobalSection(SolutionProperties) = preSolution
		HideSolutionNode = FALSE
	EndGlobalSection
	GlobalSection(ExtensibilityGlobals) = postSolution
		SolutionGuid = {816A6676-D097-46D8-AF06-6FF1D5E75A3F}
	EndGlobalSection
EndGlobal
