
Microsoft Visual Studio Solution File, Format Version 12.00
# Visual Studio 15
VisualStudioVersion = 15.0.28307.2092
MinimumVisualStudioVersion = 10.0.40219.1
Project("{FAE04EC0-301F-11D3-BF4B-00C04F79EFBC}") = "LizCodigo1", "LizCodigo1\LizCodigo1.csproj", "{FF74D309-BABC-4384-9523-0C00966CFAB7}"
EndProject
Global
	GlobalSection(SolutionConfigurationPlatforms) = preSolution
		Debug|Any CPU = Debug|Any CPU
		Release|Any CPU = Release|Any CPU
	EndGlobalSection
	GlobalSection(ProjectConfigurationPlatforms) = postSolution
		{FF74D309-BABC-4384-9523-0C00966CFAB7}.Debug|Any CPU.ActiveCfg = Debug|Any CPU
		{FF74D309-BABC-4384-9523-0C00966CFAB7}.Debug|Any CPU.Build.0 = Debug|Any CPU
		{FF74D309-BABC-4384-9523-0C00966CFAB7}.Release|Any CPU.ActiveCfg = Release|Any CPU
		{FF74D309-BABC-4384-9523-0C00966CFAB7}.Release|Any CPU.Build.0 = Release|Any CPU
	EndGlobalSection
	GlobalSection(SolutionProperties) = preSolution
		HideSolutionNode = FALSE
	EndGlobalSection
	GlobalSection(ExtensibilityGlobals) = postSolution
		SolutionGuid = {7E017EB7-5576-47DA-B807-0AB0DBC78265}
	EndGlobalSection
EndGlobal
